
Microsoft Visual Studio Solution File, Format Version 12.00
# Visual Studio Version 16
VisualStudioVersion = 16.0.29806.167
MinimumVisualStudioVersion = 10.0.40219.1
Project("{2150E333-8FDC-42A3-9474-1A3956D46DE8}") = "Server", "Server", "{DF096DCD-72D0-4C64-843D-E34613D250C7}"
EndProject
Project("{2150E333-8FDC-42A3-9474-1A3956D46DE8}") = "src", "src", "{135B55CD-8979-4829-8302-87DDC5ABE2A2}"
EndProject
Project("{2150E333-8FDC-42A3-9474-1A3956D46DE8}") = "1 - Presentation", "1 - Presentation", "{EFFBD670-3D38-48CC-BF27-FC0BA3783080}"
EndProject
Project("{2150E333-8FDC-42A3-9474-1A3956D46DE8}") = "2 - Services", "2 - Services", "{C3088548-DF31-4858-B5D5-67EA75823BD9}"
EndProject
Project("{2150E333-8FDC-42A3-9474-1A3956D46DE8}") = "3 - Application", "3 - Application", "{F2C82A5B-D82F-4020-9F05-455DB7A43165}"
EndProject
Project("{2150E333-8FDC-42A3-9474-1A3956D46DE8}") = "4 - Domain", "4 - Domain", "{FC1870D0-2C20-4BDA-8F73-34411238C1CE}"
EndProject
Project("{2150E333-8FDC-42A3-9474-1A3956D46DE8}") = "5 - Infra", "5 - Infra", "{DC00C0EA-A0E6-4D2F-9922-5C8207EE7DDD}"
EndProject
Project("{2150E333-8FDC-42A3-9474-1A3956D46DE8}") = "6 - Tests", "6 - Tests", "{FC9EE7F0-6959-42BC-88E2-137D573BD2B1}"
EndProject
Project("{9A19103F-16F7-4668-BE54-9A1E7A4F7556}") = "DgBar.Services.Api", "src\Services\DgBar.Services.Api\DgBar.Services.Api.csproj", "{EC08DF5D-D64E-4F17-8A90-7B0D1C04D04E}"
EndProject
Project("{9A19103F-16F7-4668-BE54-9A1E7A4F7556}") = "DgBar.Application", "src\Application\DgBar.Application\DgBar.Application.csproj", "{E12EA2C2-F242-454C-B817-B3FD766A9B6C}"
EndProject
Project("{9A19103F-16F7-4668-BE54-9A1E7A4F7556}") = "DgBar.Domain", "src\Domain\DgBar.Domain\DgBar.Domain.csproj", "{A6F34F08-C932-4AB8-96DB-78A1716D69B8}"
EndProject
Project("{9A19103F-16F7-4668-BE54-9A1E7A4F7556}") = "DgBar.Domain.Core", "src\Domain\DgBar.Domain.Core\DgBar.Domain.Core.csproj", "{7C38AC74-CF41-4B0F-9E15-9A904306460F}"
EndProject
Project("{9A19103F-16F7-4668-BE54-9A1E7A4F7556}") = "DgBar.Infra.CrossCutting.Bus", "src\Infra\DgBar.Infra.CrossCutting.Bus\DgBar.Infra.CrossCutting.Bus.csproj", "{05D35F91-CEEA-43F9-AEF2-3E0CEB95645F}"
EndProject
Project("{9A19103F-16F7-4668-BE54-9A1E7A4F7556}") = "DgBar.Infra.CrossCutting.IoC", "src\Infra\DgBar.Infra.CrossCutting.IoC\DgBar.Infra.CrossCutting.IoC.csproj", "{DFC8829D-5A48-4E07-8FD5-2638A68EFF79}"
EndProject
Project("{9A19103F-16F7-4668-BE54-9A1E7A4F7556}") = "DgBar.Infra.Data", "src\Infra\DgBar.Infra.Data\DgBar.Infra.Data.csproj", "{C6ECDDBA-49FD-47E8-BBB9-6BCE3AB20254}"
EndProject
Project("{9A19103F-16F7-4668-BE54-9A1E7A4F7556}") = "DgBar.Tests", "src\Tests\DgBar.Tests\DgBar.Tests.csproj", "{83FA9400-365C-40B0-996F-83A01E830918}"
EndProject
Project("{FAE04EC0-301F-11D3-BF4B-00C04F79EFBC}") = "DgBar.UI.Web", "src\Presentation\DgBar.UI.Web\DgBar.UI.Web.csproj", "{315D7584-7D07-430E-BAC4-AEAAB6371B68}"
EndProject
Global
	GlobalSection(SolutionConfigurationPlatforms) = preSolution
		Debug|Any CPU = Debug|Any CPU
		Release|Any CPU = Release|Any CPU
	EndGlobalSection
	GlobalSection(ProjectConfigurationPlatforms) = postSolution
		{EC08DF5D-D64E-4F17-8A90-7B0D1C04D04E}.Debug|Any CPU.ActiveCfg = Debug|Any CPU
		{EC08DF5D-D64E-4F17-8A90-7B0D1C04D04E}.Debug|Any CPU.Build.0 = Debug|Any CPU
		{EC08DF5D-D64E-4F17-8A90-7B0D1C04D04E}.Release|Any CPU.ActiveCfg = Release|Any CPU
		{EC08DF5D-D64E-4F17-8A90-7B0D1C04D04E}.Release|Any CPU.Build.0 = Release|Any CPU
		{E12EA2C2-F242-454C-B817-B3FD766A9B6C}.Debug|Any CPU.ActiveCfg = Debug|Any CPU
		{E12EA2C2-F242-454C-B817-B3FD766A9B6C}.Debug|Any CPU.Build.0 = Debug|Any CPU
		{E12EA2C2-F242-454C-B817-B3FD766A9B6C}.Release|Any CPU.ActiveCfg = Release|Any CPU
		{E12EA2C2-F242-454C-B817-B3FD766A9B6C}.Release|Any CPU.Build.0 = Release|Any CPU
		{A6F34F08-C932-4AB8-96DB-78A1716D69B8}.Debug|Any CPU.ActiveCfg = Debug|Any CPU
		{A6F34F08-C932-4AB8-96DB-78A1716D69B8}.Debug|Any CPU.Build.0 = Debug|Any CPU
		{A6F34F08-C932-4AB8-96DB-78A1716D69B8}.Release|Any CPU.ActiveCfg = Release|Any CPU
		{A6F34F08-C932-4AB8-96DB-78A1716D69B8}.Release|Any CPU.Build.0 = Release|Any CPU
		{7C38AC74-CF41-4B0F-9E15-9A904306460F}.Debug|Any CPU.ActiveCfg = Debug|Any CPU
		{7C38AC74-CF41-4B0F-9E15-9A904306460F}.Debug|Any CPU.Build.0 = Debug|Any CPU
		{7C38AC74-CF41-4B0F-9E15-9A904306460F}.Release|Any CPU.ActiveCfg = Release|Any CPU
		{7C38AC74-CF41-4B0F-9E15-9A904306460F}.Release|Any CPU.Build.0 = Release|Any CPU
		{05D35F91-CEEA-43F9-AEF2-3E0CEB95645F}.Debug|Any CPU.ActiveCfg = Debug|Any CPU
		{05D35F91-CEEA-43F9-AEF2-3E0CEB95645F}.Debug|Any CPU.Build.0 = Debug|Any CPU
		{05D35F91-CEEA-43F9-AEF2-3E0CEB95645F}.Release|Any CPU.ActiveCfg = Release|Any CPU
		{05D35F91-CEEA-43F9-AEF2-3E0CEB95645F}.Release|Any CPU.Build.0 = Release|Any CPU
		{DFC8829D-5A48-4E07-8FD5-2638A68EFF79}.Debug|Any CPU.ActiveCfg = Debug|Any CPU
		{DFC8829D-5A48-4E07-8FD5-2638A68EFF79}.Debug|Any CPU.Build.0 = Debug|Any CPU
		{DFC8829D-5A48-4E07-8FD5-2638A68EFF79}.Release|Any CPU.ActiveCfg = Release|Any CPU
		{DFC8829D-5A48-4E07-8FD5-2638A68EFF79}.Release|Any CPU.Build.0 = Release|Any CPU
		{C6ECDDBA-49FD-47E8-BBB9-6BCE3AB20254}.Debug|Any CPU.ActiveCfg = Debug|Any CPU
		{C6ECDDBA-49FD-47E8-BBB9-6BCE3AB20254}.Debug|Any CPU.Build.0 = Debug|Any CPU
		{C6ECDDBA-49FD-47E8-BBB9-6BCE3AB20254}.Release|Any CPU.ActiveCfg = Release|Any CPU
		{C6ECDDBA-49FD-47E8-BBB9-6BCE3AB20254}.Release|Any CPU.Build.0 = Release|Any CPU
		{83FA9400-365C-40B0-996F-83A01E830918}.Debug|Any CPU.ActiveCfg = Debug|Any CPU
		{83FA9400-365C-40B0-996F-83A01E830918}.Debug|Any CPU.Build.0 = Debug|Any CPU
		{83FA9400-365C-40B0-996F-83A01E830918}.Release|Any CPU.ActiveCfg = Release|Any CPU
		{83FA9400-365C-40B0-996F-83A01E830918}.Release|Any CPU.Build.0 = Release|Any CPU
		{315D7584-7D07-430E-BAC4-AEAAB6371B68}.Debug|Any CPU.ActiveCfg = Debug|Any CPU
		{315D7584-7D07-430E-BAC4-AEAAB6371B68}.Debug|Any CPU.Build.0 = Debug|Any CPU
		{315D7584-7D07-430E-BAC4-AEAAB6371B68}.Release|Any CPU.ActiveCfg = Release|Any CPU
		{315D7584-7D07-430E-BAC4-AEAAB6371B68}.Release|Any CPU.Build.0 = Release|Any CPU
	EndGlobalSection
	GlobalSection(SolutionProperties) = preSolution
		HideSolutionNode = FALSE
	EndGlobalSection
	GlobalSection(NestedProjects) = preSolution
		{135B55CD-8979-4829-8302-87DDC5ABE2A2} = {DF096DCD-72D0-4C64-843D-E34613D250C7}
		{EFFBD670-3D38-48CC-BF27-FC0BA3783080} = {135B55CD-8979-4829-8302-87DDC5ABE2A2}
		{C3088548-DF31-4858-B5D5-67EA75823BD9} = {135B55CD-8979-4829-8302-87DDC5ABE2A2}
		{F2C82A5B-D82F-4020-9F05-455DB7A43165} = {135B55CD-8979-4829-8302-87DDC5ABE2A2}
		{FC1870D0-2C20-4BDA-8F73-34411238C1CE} = {135B55CD-8979-4829-8302-87DDC5ABE2A2}
		{DC00C0EA-A0E6-4D2F-9922-5C8207EE7DDD} = {135B55CD-8979-4829-8302-87DDC5ABE2A2}
		{FC9EE7F0-6959-42BC-88E2-137D573BD2B1} = {135B55CD-8979-4829-8302-87DDC5ABE2A2}
		{EC08DF5D-D64E-4F17-8A90-7B0D1C04D04E} = {C3088548-DF31-4858-B5D5-67EA75823BD9}
		{E12EA2C2-F242-454C-B817-B3FD766A9B6C} = {F2C82A5B-D82F-4020-9F05-455DB7A43165}
		{A6F34F08-C932-4AB8-96DB-78A1716D69B8} = {FC1870D0-2C20-4BDA-8F73-34411238C1CE}
		{7C38AC74-CF41-4B0F-9E15-9A904306460F} = {FC1870D0-2C20-4BDA-8F73-34411238C1CE}
		{05D35F91-CEEA-43F9-AEF2-3E0CEB95645F} = {DC00C0EA-A0E6-4D2F-9922-5C8207EE7DDD}
		{DFC8829D-5A48-4E07-8FD5-2638A68EFF79} = {DC00C0EA-A0E6-4D2F-9922-5C8207EE7DDD}
		{C6ECDDBA-49FD-47E8-BBB9-6BCE3AB20254} = {DC00C0EA-A0E6-4D2F-9922-5C8207EE7DDD}
		{83FA9400-365C-40B0-996F-83A01E830918} = {FC9EE7F0-6959-42BC-88E2-137D573BD2B1}
		{315D7584-7D07-430E-BAC4-AEAAB6371B68} = {EFFBD670-3D38-48CC-BF27-FC0BA3783080}
	EndGlobalSection
	GlobalSection(ExtensibilityGlobals) = postSolution
		SolutionGuid = {43A24440-A16C-4F66-99DE-649FF62169AB}
	EndGlobalSection
EndGlobal
